
Microsoft Visual Studio Solution File, Format Version 12.00
# Visual Studio 15
VisualStudioVersion = 15.0.27004.2009
MinimumVisualStudioVersion = 10.0.40219.1
Project("{9A19103F-16F7-4668-BE54-9A1E7A4F7556}") = "ResidentCare", "ResidentCare\ResidentCare.csproj", "{4E8A695E-832C-46C3-A9D1-0B389F83551D}"
EndProject
Global
	GlobalSection(SolutionConfigurationPlatforms) = preSolution
		Debug|Any CPU = Debug|Any CPU
		Release|Any CPU = Release|Any CPU
	EndGlobalSection
	GlobalSection(ProjectConfigurationPlatforms) = postSolution
		{4E8A695E-832C-46C3-A9D1-0B389F83551D}.Debug|Any CPU.ActiveCfg = Debug|Any CPU
		{4E8A695E-832C-46C3-A9D1-0B389F83551D}.Debug|Any CPU.Build.0 = Debug|Any CPU
		{4E8A695E-832C-46C3-A9D1-0B389F83551D}.Release|Any CPU.ActiveCfg = Release|Any CPU
		{4E8A695E-832C-46C3-A9D1-0B389F83551D}.Release|Any CPU.Build.0 = Release|Any CPU
	EndGlobalSection
	GlobalSection(SolutionProperties) = preSolution
		HideSolutionNode = FALSE
	EndGlobalSection
	GlobalSection(ExtensibilityGlobals) = postSolution
		SolutionGuid = {B59F8CC3-BE35-40C7-BDDB-4DCD02DA9161}
	EndGlobalSection
EndGlobal
